
Microsoft Visual Studio Solution File, Format Version 12.00
# Visual Studio 15
Project("{FAE04EC0-301F-11D3-BF4B-00C04F79EFBC}") = "Assembly-CSharp-firstpass", "Assembly-CSharp-firstpass.csproj", "{80A6063C-A3D5-9E2A-609E-E9E07D315103}"
EndProject
Project("{FAE04EC0-301F-11D3-BF4B-00C04F79EFBC}") = "Assembly-CSharp", "Assembly-CSharp.csproj", "{36A0A854-7B17-82E3-FDC9-53159CAD3AC6}"
EndProject
Project("{FAE04EC0-301F-11D3-BF4B-00C04F79EFBC}") = "Assembly-CSharp-Editor-firstpass", "Assembly-CSharp-Editor-firstpass.csproj", "{37B666C0-BF0A-1672-A35B-794EA08D87B9}"
EndProject
Project("{FAE04EC0-301F-11D3-BF4B-00C04F79EFBC}") = "Assembly-CSharp-Editor", "Assembly-CSharp-Editor.csproj", "{C361D49D-017C-8DBA-2BF1-0A69B1064C8F}"
EndProject
Global
	GlobalSection(SolutionConfigurationPlatforms) = preSolution
		Debug|Any CPU = Debug|Any CPU
		Release|Any CPU = Release|Any CPU
	EndGlobalSection
	GlobalSection(ProjectConfigurationPlatforms) = postSolution
		{80A6063C-A3D5-9E2A-609E-E9E07D315103}.Debug|Any CPU.ActiveCfg = Debug|Any CPU
		{80A6063C-A3D5-9E2A-609E-E9E07D315103}.Debug|Any CPU.Build.0 = Debug|Any CPU
		{80A6063C-A3D5-9E2A-609E-E9E07D315103}.Release|Any CPU.ActiveCfg = Release|Any CPU
		{80A6063C-A3D5-9E2A-609E-E9E07D315103}.Release|Any CPU.Build.0 = Release|Any CPU
		{36A0A854-7B17-82E3-FDC9-53159CAD3AC6}.Debug|Any CPU.ActiveCfg = Debug|Any CPU
		{36A0A854-7B17-82E3-FDC9-53159CAD3AC6}.Debug|Any CPU.Build.0 = Debug|Any CPU
		{36A0A854-7B17-82E3-FDC9-53159CAD3AC6}.Release|Any CPU.ActiveCfg = Release|Any CPU
		{36A0A854-7B17-82E3-FDC9-53159CAD3AC6}.Release|Any CPU.Build.0 = Release|Any CPU
		{37B666C0-BF0A-1672-A35B-794EA08D87B9}.Debug|Any CPU.ActiveCfg = Debug|Any CPU
		{37B666C0-BF0A-1672-A35B-794EA08D87B9}.Debug|Any CPU.Build.0 = Debug|Any CPU
		{37B666C0-BF0A-1672-A35B-794EA08D87B9}.Release|Any CPU.ActiveCfg = Release|Any CPU
		{37B666C0-BF0A-1672-A35B-794EA08D87B9}.Release|Any CPU.Build.0 = Release|Any CPU
		{C361D49D-017C-8DBA-2BF1-0A69B1064C8F}.Debug|Any CPU.ActiveCfg = Debug|Any CPU
		{C361D49D-017C-8DBA-2BF1-0A69B1064C8F}.Debug|Any CPU.Build.0 = Debug|Any CPU
		{C361D49D-017C-8DBA-2BF1-0A69B1064C8F}.Release|Any CPU.ActiveCfg = Release|Any CPU
		{C361D49D-017C-8DBA-2BF1-0A69B1064C8F}.Release|Any CPU.Build.0 = Release|Any CPU
	EndGlobalSection
	GlobalSection(SolutionProperties) = preSolution
		HideSolutionNode = FALSE
	EndGlobalSection
	GlobalSection(MonoDevelopProperties) = preSolution
		StartupItem = Assembly-CSharp.csproj
	EndGlobalSection
EndGlobal
